
Microsoft Visual Studio Solution File, Format Version 12.00
# Visual Studio 15
VisualStudioVersion = 15.0.28010.2050
MinimumVisualStudioVersion = 10.0.40219.1
Project("{9A19103F-16F7-4668-BE54-9A1E7A4F7556}") = "Honeypot.Web", "Honeypot\Honeypot.Web.csproj", "{8A1C877A-4FBF-4C07-B4E0-5C6A94CF17C0}"
EndProject
Project("{FAE04EC0-301F-11D3-BF4B-00C04F79EFBC}") = "Honeypot.Models", "Honeypot.Models\Honeypot.Models.csproj", "{155FAD12-6287-4810-A02C-0EA73FFEB6D5}"
EndProject
Project("{FAE04EC0-301F-11D3-BF4B-00C04F79EFBC}") = "Honeypot.Data", "Honeypot.Data\Honeypot.Data.csproj", "{F279D289-BB09-4042-BD5B-35AA026CDB92}"
EndProject
Project("{FAE04EC0-301F-11D3-BF4B-00C04F79EFBC}") = "Honeypot.Services", "Honeypot.Services\Honeypot.Services.csproj", "{9D61CCB7-821A-46CE-8196-8751C9DB9B59}"
EndProject
Global
	GlobalSection(SolutionConfigurationPlatforms) = preSolution
		Debug|Any CPU = Debug|Any CPU
		Debug|ARM = Debug|ARM
		Debug|x64 = Debug|x64
		Debug|x86 = Debug|x86
		Release|Any CPU = Release|Any CPU
		Release|ARM = Release|ARM
		Release|x64 = Release|x64
		Release|x86 = Release|x86
	EndGlobalSection
	GlobalSection(ProjectConfigurationPlatforms) = postSolution
		{8A1C877A-4FBF-4C07-B4E0-5C6A94CF17C0}.Debug|Any CPU.ActiveCfg = Debug|Any CPU
		{8A1C877A-4FBF-4C07-B4E0-5C6A94CF17C0}.Debug|Any CPU.Build.0 = Debug|Any CPU
		{8A1C877A-4FBF-4C07-B4E0-5C6A94CF17C0}.Debug|ARM.ActiveCfg = Debug|Any CPU
		{8A1C877A-4FBF-4C07-B4E0-5C6A94CF17C0}.Debug|ARM.Build.0 = Debug|Any CPU
		{8A1C877A-4FBF-4C07-B4E0-5C6A94CF17C0}.Debug|x64.ActiveCfg = Debug|Any CPU
		{8A1C877A-4FBF-4C07-B4E0-5C6A94CF17C0}.Debug|x64.Build.0 = Debug|Any CPU
		{8A1C877A-4FBF-4C07-B4E0-5C6A94CF17C0}.Debug|x86.ActiveCfg = Debug|Any CPU
		{8A1C877A-4FBF-4C07-B4E0-5C6A94CF17C0}.Debug|x86.Build.0 = Debug|Any CPU
		{8A1C877A-4FBF-4C07-B4E0-5C6A94CF17C0}.Release|Any CPU.ActiveCfg = Release|Any CPU
		{8A1C877A-4FBF-4C07-B4E0-5C6A94CF17C0}.Release|Any CPU.Build.0 = Release|Any CPU
		{8A1C877A-4FBF-4C07-B4E0-5C6A94CF17C0}.Release|ARM.ActiveCfg = Release|Any CPU
		{8A1C877A-4FBF-4C07-B4E0-5C6A94CF17C0}.Release|ARM.Build.0 = Release|Any CPU
		{8A1C877A-4FBF-4C07-B4E0-5C6A94CF17C0}.Release|x64.ActiveCfg = Release|Any CPU
		{8A1C877A-4FBF-4C07-B4E0-5C6A94CF17C0}.Release|x64.Build.0 = Release|Any CPU
		{8A1C877A-4FBF-4C07-B4E0-5C6A94CF17C0}.Release|x86.ActiveCfg = Release|Any CPU
		{8A1C877A-4FBF-4C07-B4E0-5C6A94CF17C0}.Release|x86.Build.0 = Release|Any CPU
		{155FAD12-6287-4810-A02C-0EA73FFEB6D5}.Debug|Any CPU.ActiveCfg = Debug|Any CPU
		{155FAD12-6287-4810-A02C-0EA73FFEB6D5}.Debug|Any CPU.Build.0 = Debug|Any CPU
		{155FAD12-6287-4810-A02C-0EA73FFEB6D5}.Debug|ARM.ActiveCfg = Debug|Any CPU
		{155FAD12-6287-4810-A02C-0EA73FFEB6D5}.Debug|ARM.Build.0 = Debug|Any CPU
		{155FAD12-6287-4810-A02C-0EA73FFEB6D5}.Debug|x64.ActiveCfg = Debug|Any CPU
		{155FAD12-6287-4810-A02C-0EA73FFEB6D5}.Debug|x64.Build.0 = Debug|Any CPU
		{155FAD12-6287-4810-A02C-0EA73FFEB6D5}.Debug|x86.ActiveCfg = Debug|Any CPU
		{155FAD12-6287-4810-A02C-0EA73FFEB6D5}.Debug|x86.Build.0 = Debug|Any CPU
		{155FAD12-6287-4810-A02C-0EA73FFEB6D5}.Release|Any CPU.ActiveCfg = Release|Any CPU
		{155FAD12-6287-4810-A02C-0EA73FFEB6D5}.Release|Any CPU.Build.0 = Release|Any CPU
		{155FAD12-6287-4810-A02C-0EA73FFEB6D5}.Release|ARM.ActiveCfg = Release|Any CPU
		{155FAD12-6287-4810-A02C-0EA73FFEB6D5}.Release|ARM.Build.0 = Release|Any CPU
		{155FAD12-6287-4810-A02C-0EA73FFEB6D5}.Release|x64.ActiveCfg = Release|Any CPU
		{155FAD12-6287-4810-A02C-0EA73FFEB6D5}.Release|x64.Build.0 = Release|Any CPU
		{155FAD12-6287-4810-A02C-0EA73FFEB6D5}.Release|x86.ActiveCfg = Release|Any CPU
		{155FAD12-6287-4810-A02C-0EA73FFEB6D5}.Release|x86.Build.0 = Release|Any CPU
		{F279D289-BB09-4042-BD5B-35AA026CDB92}.Debug|Any CPU.ActiveCfg = Debug|Any CPU
		{F279D289-BB09-4042-BD5B-35AA026CDB92}.Debug|Any CPU.Build.0 = Debug|Any CPU
		{F279D289-BB09-4042-BD5B-35AA026CDB92}.Debug|ARM.ActiveCfg = Debug|Any CPU
		{F279D289-BB09-4042-BD5B-35AA026CDB92}.Debug|ARM.Build.0 = Debug|Any CPU
		{F279D289-BB09-4042-BD5B-35AA026CDB92}.Debug|x64.ActiveCfg = Debug|Any CPU
		{F279D289-BB09-4042-BD5B-35AA026CDB92}.Debug|x64.Build.0 = Debug|Any CPU
		{F279D289-BB09-4042-BD5B-35AA026CDB92}.Debug|x86.ActiveCfg = Debug|Any CPU
		{F279D289-BB09-4042-BD5B-35AA026CDB92}.Debug|x86.Build.0 = Debug|Any CPU
		{F279D289-BB09-4042-BD5B-35AA026CDB92}.Release|Any CPU.ActiveCfg = Release|Any CPU
		{F279D289-BB09-4042-BD5B-35AA026CDB92}.Release|Any CPU.Build.0 = Release|Any CPU
		{F279D289-BB09-4042-BD5B-35AA026CDB92}.Release|ARM.ActiveCfg = Release|Any CPU
		{F279D289-BB09-4042-BD5B-35AA026CDB92}.Release|ARM.Build.0 = Release|Any CPU
		{F279D289-BB09-4042-BD5B-35AA026CDB92}.Release|x64.ActiveCfg = Release|Any CPU
		{F279D289-BB09-4042-BD5B-35AA026CDB92}.Release|x64.Build.0 = Release|Any CPU
		{F279D289-BB09-4042-BD5B-35AA026CDB92}.Release|x86.ActiveCfg = Release|Any CPU
		{F279D289-BB09-4042-BD5B-35AA026CDB92}.Release|x86.Build.0 = Release|Any CPU
		{9D61CCB7-821A-46CE-8196-8751C9DB9B59}.Debug|Any CPU.ActiveCfg = Debug|Any CPU
		{9D61CCB7-821A-46CE-8196-8751C9DB9B59}.Debug|Any CPU.Build.0 = Debug|Any CPU
		{9D61CCB7-821A-46CE-8196-8751C9DB9B59}.Debug|ARM.ActiveCfg = Debug|Any CPU
		{9D61CCB7-821A-46CE-8196-8751C9DB9B59}.Debug|ARM.Build.0 = Debug|Any CPU
		{9D61CCB7-821A-46CE-8196-8751C9DB9B59}.Debug|x64.ActiveCfg = Debug|Any CPU
		{9D61CCB7-821A-46CE-8196-8751C9DB9B59}.Debug|x64.Build.0 = Debug|Any CPU
		{9D61CCB7-821A-46CE-8196-8751C9DB9B59}.Debug|x86.ActiveCfg = Debug|Any CPU
		{9D61CCB7-821A-46CE-8196-8751C9DB9B59}.Debug|x86.Build.0 = Debug|Any CPU
		{9D61CCB7-821A-46CE-8196-8751C9DB9B59}.Release|Any CPU.ActiveCfg = Release|Any CPU
		{9D61CCB7-821A-46CE-8196-8751C9DB9B59}.Release|Any CPU.Build.0 = Release|Any CPU
		{9D61CCB7-821A-46CE-8196-8751C9DB9B59}.Release|ARM.ActiveCfg = Release|Any CPU
		{9D61CCB7-821A-46CE-8196-8751C9DB9B59}.Release|ARM.Build.0 = Release|Any CPU
		{9D61CCB7-821A-46CE-8196-8751C9DB9B59}.Release|x64.ActiveCfg = Release|Any CPU
		{9D61CCB7-821A-46CE-8196-8751C9DB9B59}.Release|x64.Build.0 = Release|Any CPU
		{9D61CCB7-821A-46CE-8196-8751C9DB9B59}.Release|x86.ActiveCfg = Release|Any CPU
		{9D61CCB7-821A-46CE-8196-8751C9DB9B59}.Release|x86.Build.0 = Release|Any CPU
	EndGlobalSection
	GlobalSection(SolutionProperties) = preSolution
		HideSolutionNode = FALSE
	EndGlobalSection
	GlobalSection(ExtensibilityGlobals) = postSolution
		SolutionGuid = {855D210D-281E-440B-AAD8-381A716367F6}
	EndGlobalSection
EndGlobal
